
Microsoft Visual Studio Solution File, Format Version 12.00
# Visual Studio Version 17
VisualStudioVersion = 17.13.35931.197 d17.13
MinimumVisualStudioVersion = 10.0.40219.1
Project("{FAE04EC0-301F-11D3-BF4B-00C04F79EFBC}") = "SEO1", "SEO1\SEO1.csproj", "{C02CF5A6-9D6A-4DD6-B737-146E6B0ED663}"
EndProject
Global
	GlobalSection(SolutionConfigurationPlatforms) = preSolution
		Debug|Any CPU = Debug|Any CPU
		Release|Any CPU = Release|Any CPU
	EndGlobalSection
	GlobalSection(ProjectConfigurationPlatforms) = postSolution
		{C02CF5A6-9D6A-4DD6-B737-146E6B0ED663}.Debug|Any CPU.ActiveCfg = Debug|Any CPU
		{C02CF5A6-9D6A-4DD6-B737-146E6B0ED663}.Debug|Any CPU.Build.0 = Debug|Any CPU
		{C02CF5A6-9D6A-4DD6-B737-146E6B0ED663}.Release|Any CPU.ActiveCfg = Release|Any CPU
		{C02CF5A6-9D6A-4DD6-B737-146E6B0ED663}.Release|Any CPU.Build.0 = Release|Any CPU
	EndGlobalSection
	GlobalSection(SolutionProperties) = preSolution
		HideSolutionNode = FALSE
	EndGlobalSection
	GlobalSection(ExtensibilityGlobals) = postSolution
		SolutionGuid = {2AA555B6-E538-400B-AC36-A052661A4CCF}
	EndGlobalSection
EndGlobal
